
Microsoft Visual Studio Solution File, Format Version 12.00
# Visual Studio Version 16
VisualStudioVersion = 16.0.31313.79
MinimumVisualStudioVersion = 10.0.40219.1
Project("{FAE04EC0-301F-11D3-BF4B-00C04F79EFBC}") = "user_ibm", "user_ibm\user_ibm.csproj", "{2658F8A9-E67C-416A-8469-A7E43DBECA96}"
EndProject
Global
	GlobalSection(SolutionConfigurationPlatforms) = preSolution
		Debug|Any CPU = Debug|Any CPU
		Release|Any CPU = Release|Any CPU
	EndGlobalSection
	GlobalSection(ProjectConfigurationPlatforms) = postSolution
		{2658F8A9-E67C-416A-8469-A7E43DBECA96}.Debug|Any CPU.ActiveCfg = Debug|Any CPU
		{2658F8A9-E67C-416A-8469-A7E43DBECA96}.Debug|Any CPU.Build.0 = Debug|Any CPU
		{2658F8A9-E67C-416A-8469-A7E43DBECA96}.Release|Any CPU.ActiveCfg = Release|Any CPU
		{2658F8A9-E67C-416A-8469-A7E43DBECA96}.Release|Any CPU.Build.0 = Release|Any CPU
	EndGlobalSection
	GlobalSection(SolutionProperties) = preSolution
		HideSolutionNode = FALSE
	EndGlobalSection
	GlobalSection(ExtensibilityGlobals) = postSolution
		SolutionGuid = {C30F3429-BAC9-4883-BA55-8F8166C32B62}
	EndGlobalSection
EndGlobal
